
Microsoft Visual Studio Solution File, Format Version 12.00
# Visual Studio Version 17
VisualStudioVersion = 17.9.34607.119
MinimumVisualStudioVersion = 10.0.40219.1
Project("{FAE04EC0-301F-11D3-BF4B-00C04F79EFBC}") = "MatriculasMVC", "MatriculasMVC\MatriculasMVC.csproj", "{F718C014-9FF7-4554-A39B-7044894101C2}"
EndProject
Global
	GlobalSection(SolutionConfigurationPlatforms) = preSolution
		Debug|Any CPU = Debug|Any CPU
		Release|Any CPU = Release|Any CPU
	EndGlobalSection
	GlobalSection(ProjectConfigurationPlatforms) = postSolution
		{F718C014-9FF7-4554-A39B-7044894101C2}.Debug|Any CPU.ActiveCfg = Debug|Any CPU
		{F718C014-9FF7-4554-A39B-7044894101C2}.Debug|Any CPU.Build.0 = Debug|Any CPU
		{F718C014-9FF7-4554-A39B-7044894101C2}.Release|Any CPU.ActiveCfg = Release|Any CPU
		{F718C014-9FF7-4554-A39B-7044894101C2}.Release|Any CPU.Build.0 = Release|Any CPU
	EndGlobalSection
	GlobalSection(SolutionProperties) = preSolution
		HideSolutionNode = FALSE
	EndGlobalSection
	GlobalSection(ExtensibilityGlobals) = postSolution
		SolutionGuid = {6407677A-AF0C-47D4-B158-A8AD942E301B}
	EndGlobalSection
EndGlobal
